
Microsoft Visual Studio Solution File, Format Version 9.00
# Visual Studio 2005
Project("{FAE04EC0-301F-11D3-BF4B-00C04F79EFBC}") = "IAXClientDotNetWrapper", "IAXClientDotNetWrapper.csproj", "{3FC6D6AC-581B-43C1-96E0-04065C17B440}"
EndProject
Global
	GlobalSection(SolutionConfigurationPlatforms) = preSolution
		Debug|Any CPU = Debug|Any CPU
		Release|Any CPU = Release|Any CPU
	EndGlobalSection
	GlobalSection(ProjectConfigurationPlatforms) = postSolution
		{3FC6D6AC-581B-43C1-96E0-04065C17B440}.Debug|Any CPU.ActiveCfg = Debug|Any CPU
		{3FC6D6AC-581B-43C1-96E0-04065C17B440}.Debug|Any CPU.Build.0 = Debug|Any CPU
		{3FC6D6AC-581B-43C1-96E0-04065C17B440}.Release|Any CPU.ActiveCfg = Release|Any CPU
		{3FC6D6AC-581B-43C1-96E0-04065C17B440}.Release|Any CPU.Build.0 = Release|Any CPU
	EndGlobalSection
	GlobalSection(SolutionProperties) = preSolution
		HideSolutionNode = FALSE
	EndGlobalSection
EndGlobal
